// !$*UTF8*$!
{
	archiveVersion = 1;
	classes = {
	};
	objectVersion = 46;
	objects = {

/* Begin PBXBuildFile section */
		FA097506186A1C16005C9B05 /* CoreBluetooth.framework in Frameworks */ = {isa = PBXBuildFile; fileRef = FA097505186A1C16005C9B05 /* CoreBluetooth.framework */; };
		FA097508186A37F4005C9B05 /* ZOVenusCommand.c in Sources */ = {isa = PBXBuildFile; fileRef = FA097507186A37F4005C9B05 /* ZOVenusCommand.c */; };
		FA09750D186D52A2005C9B05 /* ZOCircularBuffer.c in Sources */ = {isa = PBXBuildFile; fileRef = FA09750C186D52A2005C9B05 /* ZOCircularBuffer.c */; };
		FA18871C187F36BA00B388D6 /* ZOTrack.m in Sources */ = {isa = PBXBuildFile; fileRef = FA18871B187F36BA00B388D6 /* ZOTrack.m */; };
		FA188720187F89F200B388D6 /* ZOTrackRenderer.m in Sources */ = {isa = PBXBuildFile; fileRef = FA18871F187F89F200B388D6 /* ZOTrackRenderer.m */; };
		FAA68D581870B7BA007DD016 /* ZOBluetooth.m in Sources */ = {isa = PBXBuildFile; fileRef = FAA68D571870B7BA007DD016 /* ZOBluetooth.m */; };
		FAA68D5B18720778007DD016 /* ZOParseNMEA.c in Sources */ = {isa = PBXBuildFile; fileRef = FAA68D5A18720778007DD016 /* ZOParseNMEA.c */; };
		FAADF3F31864C31200F301B7 /* Foundation.framework in Frameworks */ = {isa = PBXBuildFile; fileRef = FAADF3F21864C31200F301B7 /* Foundation.framework */; };
		FAADF3F51864C31200F301B7 /* CoreGraphics.framework in Frameworks */ = {isa = PBXBuildFile; fileRef = FAADF3F41864C31200F301B7 /* CoreGraphics.framework */; };
		FAADF3F71864C31200F301B7 /* UIKit.framework in Frameworks */ = {isa = PBXBuildFile; fileRef = FAADF3F61864C31200F301B7 /* UIKit.framework */; };
		FAADF3FD1864C31200F301B7 /* InfoPlist.strings in Resources */ = {isa = PBXBuildFile; fileRef = FAADF3FB1864C31200F301B7 /* InfoPlist.strings */; };
		FAADF4061864C31200F301B7 /* Main_iPhone.storyboard in Resources */ = {isa = PBXBuildFile; fileRef = FAADF4041864C31200F301B7 /* Main_iPhone.storyboard */; };
		FAADF4091864C31200F301B7 /* Main_iPad.storyboard in Resources */ = {isa = PBXBuildFile; fileRef = FAADF4071864C31200F301B7 /* Main_iPad.storyboard */; };
		FAADF4111864C31200F301B7 /* Images.xcassets in Resources */ = {isa = PBXBuildFile; fileRef = FAADF4101864C31200F301B7 /* Images.xcassets */; };
		FAADF4181864C31200F301B7 /* XCTest.framework in Frameworks */ = {isa = PBXBuildFile; fileRef = FAADF4171864C31200F301B7 /* XCTest.framework */; };
		FAADF4191864C31200F301B7 /* Foundation.framework in Frameworks */ = {isa = PBXBuildFile; fileRef = FAADF3F21864C31200F301B7 /* Foundation.framework */; };
		FAADF41A1864C31200F301B7 /* UIKit.framework in Frameworks */ = {isa = PBXBuildFile; fileRef = FAADF3F61864C31200F301B7 /* UIKit.framework */; };
		FAADF42E1864C81A00F301B7 /* MapKit.framework in Frameworks */ = {isa = PBXBuildFile; fileRef = FAADF42D1864C81A00F301B7 /* MapKit.framework */; };
		FAADF4381864D38C00F301B7 /* main.m in Sources */ = {isa = PBXBuildFile; fileRef = FAADF4301864D38C00F301B7 /* main.m */; };
		FAADF4391864D38C00F301B7 /* ZOMapViewController.m in Sources */ = {isa = PBXBuildFile; fileRef = FAADF4331864D38C00F301B7 /* ZOMapViewController.m */; };
		FAADF43B1864D38C00F301B7 /* ZOAppDelegate.m in Sources */ = {isa = PBXBuildFile; fileRef = FAADF4371864D38C00F301B7 /* ZOAppDelegate.m */; };
		FAADF44E18692EEA00F301B7 /* ZOGPS.m in Sources */ = {isa = PBXBuildFile; fileRef = FAADF44D18692EEA00F301B7 /* ZOGPS.m */; };
		FAADF4571869375500F301B7 /* ZOGPSExternalVenus.m in Sources */ = {isa = PBXBuildFile; fileRef = FAADF4561869375500F301B7 /* ZOGPSExternalVenus.m */; };
		FAB03EF4188098E5007BD08D /* NSCoder+ZOTrackObject.m in Sources */ = {isa = PBXBuildFile; fileRef = FAB03EF3188098E5007BD08D /* NSCoder+ZOTrackObject.m */; };
		FAB03EF81881F486007BD08D /* ZOTrackCollection.m in Sources */ = {isa = PBXBuildFile; fileRef = FAB03EF71881F486007BD08D /* ZOTrackCollection.m */; };
		FABCD7B51877569100EFB248 /* assets in Resources */ = {isa = PBXBuildFile; fileRef = FABCD7B41877569100EFB248 /* assets */; };
		FABCD7B818788A5500EFB248 /* ZOTrackSelectViewController.m in Sources */ = {isa = PBXBuildFile; fileRef = FABCD7B718788A5500EFB248 /* ZOTrackSelectViewController.m */; };
		FABCD7BB1878B76700EFB248 /* ZOTrackEditViewController.m in Sources */ = {isa = PBXBuildFile; fileRef = FABCD7BA1878B76700EFB248 /* ZOTrackEditViewController.m */; };
		FABCD7BE1879ECA900EFB248 /* ZOStartFinishLine.m in Sources */ = {isa = PBXBuildFile; fileRef = FABCD7BD1879ECA900EFB248 /* ZOStartFinishLine.m */; };
		FABCD7C11879EE8F00EFB248 /* ZOStartFinishLineRenderer.m in Sources */ = {isa = PBXBuildFile; fileRef = FABCD7C01879EE8F00EFB248 /* ZOStartFinishLineRenderer.m */; };
/* End PBXBuildFile section */

/* Begin PBXContainerItemProxy section */
		FAADF41B1864C31200F301B7 /* PBXContainerItemProxy */ = {
			isa = PBXContainerItemProxy;
			containerPortal = FAADF3E71864C31200F301B7 /* Project object */;
			proxyType = 1;
			remoteGlobalIDString = FAADF3EE1864C31200F301B7;
			remoteInfo = ZeroGPSLapTimer;
		};
/* End PBXContainerItemProxy section */

/* Begin PBXFileReference section */
		FA097505186A1C16005C9B05 /* CoreBluetooth.framework */ = {isa = PBXFileReference; lastKnownFileType = wrapper.framework; name = CoreBluetooth.framework; path = System/Library/Frameworks/CoreBluetooth.framework; sourceTree = SDKROOT; };
		FA097507186A37F4005C9B05 /* ZOVenusCommand.c */ = {isa = PBXFileReference; fileEncoding = 4; lastKnownFileType = sourcecode.c.c; path = ZOVenusCommand.c; sourceTree = "<group>"; };
		FA097509186A3D5E005C9B05 /* ZOVenusCommand.h */ = {isa = PBXFileReference; lastKnownFileType = sourcecode.c.h; path = ZOVenusCommand.h; sourceTree = "<group>"; };
		FA09750B186D5291005C9B05 /* ZOCircularBuffer.h */ = {isa = PBXFileReference; lastKnownFileType = sourcecode.c.h; path = ZOCircularBuffer.h; sourceTree = "<group>"; };
		FA09750C186D52A2005C9B05 /* ZOCircularBuffer.c */ = {isa = PBXFileReference; fileEncoding = 4; lastKnownFileType = sourcecode.c.c; path = ZOCircularBuffer.c; sourceTree = "<group>"; };
		FA18871A187F36BA00B388D6 /* ZOTrack.h */ = {isa = PBXFileReference; fileEncoding = 4; lastKnownFileType = sourcecode.c.h; path = ZOTrack.h; sourceTree = "<group>"; };
		FA18871B187F36BA00B388D6 /* ZOTrack.m */ = {isa = PBXFileReference; fileEncoding = 4; lastKnownFileType = sourcecode.c.objc; path = ZOTrack.m; sourceTree = "<group>"; };
		FA18871D187F399D00B388D6 /* ZOTrackObject.h */ = {isa = PBXFileReference; lastKnownFileType = sourcecode.c.h; path = ZOTrackObject.h; sourceTree = "<group>"; };
		FA18871E187F89F200B388D6 /* ZOTrackRenderer.h */ = {isa = PBXFileReference; fileEncoding = 4; lastKnownFileType = sourcecode.c.h; path = ZOTrackRenderer.h; sourceTree = "<group>"; };
		FA18871F187F89F200B388D6 /* ZOTrackRenderer.m */ = {isa = PBXFileReference; fileEncoding = 4; lastKnownFileType = sourcecode.c.objc; path = ZOTrackRenderer.m; sourceTree = "<group>"; };
		FA188721187F987100B388D6 /* ZOTrackObjectDelegate.h */ = {isa = PBXFileReference; lastKnownFileType = sourcecode.c.h; path = ZOTrackObjectDelegate.h; sourceTree = "<group>"; };
		FA188722187FA8B500B388D6 /* ZOTrackObjectRenderer.h */ = {isa = PBXFileReference; lastKnownFileType = sourcecode.c.h; path = ZOTrackObjectRenderer.h; sourceTree = "<group>"; };
		FAA68D561870B7BA007DD016 /* ZOBluetooth.h */ = {isa = PBXFileReference; fileEncoding = 4; lastKnownFileType = sourcecode.c.h; path = ZOBluetooth.h; sourceTree = "<group>"; };
		FAA68D571870B7BA007DD016 /* ZOBluetooth.m */ = {isa = PBXFileReference; fileEncoding = 4; lastKnownFileType = sourcecode.c.objc; path = ZOBluetooth.m; sourceTree = "<group>"; };
		FAA68D5918720763007DD016 /* ZOParseNMEA.h */ = {isa = PBXFileReference; lastKnownFileType = sourcecode.c.h; path = ZOParseNMEA.h; sourceTree = "<group>"; };
		FAA68D5A18720778007DD016 /* ZOParseNMEA.c */ = {isa = PBXFileReference; fileEncoding = 4; lastKnownFileType = sourcecode.c.c; path = ZOParseNMEA.c; sourceTree = "<group>"; };
		FAADF3EF1864C31200F301B7 /* ZeroGPSLapTimer.app */ = {isa = PBXFileReference; explicitFileType = wrapper.application; includeInIndex = 0; path = ZeroGPSLapTimer.app; sourceTree = BUILT_PRODUCTS_DIR; };
		FAADF3F21864C31200F301B7 /* Foundation.framework */ = {isa = PBXFileReference; lastKnownFileType = wrapper.framework; name = Foundation.framework; path = System/Library/Frameworks/Foundation.framework; sourceTree = SDKROOT; };
		FAADF3F41864C31200F301B7 /* CoreGraphics.framework */ = {isa = PBXFileReference; lastKnownFileType = wrapper.framework; name = CoreGraphics.framework; path = System/Library/Frameworks/CoreGraphics.framework; sourceTree = SDKROOT; };
		FAADF3F61864C31200F301B7 /* UIKit.framework */ = {isa = PBXFileReference; lastKnownFileType = wrapper.framework; name = UIKit.framework; path = System/Library/Frameworks/UIKit.framework; sourceTree = SDKROOT; };
		FAADF3FA1864C31200F301B7 /* ZeroGPSLapTimer-Info.plist */ = {isa = PBXFileReference; lastKnownFileType = text.plist.xml; path = "ZeroGPSLapTimer-Info.plist"; sourceTree = "<group>"; };
		FAADF3FC1864C31200F301B7 /* en */ = {isa = PBXFileReference; lastKnownFileType = text.plist.strings; name = en; path = en.lproj/InfoPlist.strings; sourceTree = "<group>"; };
		FAADF4001864C31200F301B7 /* ZeroGPSLapTimer-Prefix.pch */ = {isa = PBXFileReference; lastKnownFileType = sourcecode.c.h; path = "ZeroGPSLapTimer-Prefix.pch"; sourceTree = "<group>"; };
		FAADF4051864C31200F301B7 /* Base */ = {isa = PBXFileReference; lastKnownFileType = file.storyboard; name = Base; path = Base.lproj/Main_iPhone.storyboard; sourceTree = "<group>"; };
		FAADF4081864C31200F301B7 /* Base */ = {isa = PBXFileReference; lastKnownFileType = file.storyboard; name = Base; path = Base.lproj/Main_iPad.storyboard; sourceTree = "<group>"; };
		FAADF4101864C31200F301B7 /* Images.xcassets */ = {isa = PBXFileReference; lastKnownFileType = folder.assetcatalog; path = Images.xcassets; sourceTree = "<group>"; };
		FAADF4161864C31200F301B7 /* ZeroGPSLapTimerTests.xctest */ = {isa = PBXFileReference; explicitFileType = wrapper.cfbundle; includeInIndex = 0; path = ZeroGPSLapTimerTests.xctest; sourceTree = BUILT_PRODUCTS_DIR; };
		FAADF4171864C31200F301B7 /* XCTest.framework */ = {isa = PBXFileReference; lastKnownFileType = wrapper.framework; name = XCTest.framework; path = Library/Frameworks/XCTest.framework; sourceTree = DEVELOPER_DIR; };
		FAADF42D1864C81A00F301B7 /* MapKit.framework */ = {isa = PBXFileReference; lastKnownFileType = wrapper.framework; name = MapKit.framework; path = System/Library/Frameworks/MapKit.framework; sourceTree = SDKROOT; };
		FAADF4301864D38C00F301B7 /* main.m */ = {isa = PBXFileReference; fileEncoding = 4; lastKnownFileType = sourcecode.c.objc; path = main.m; sourceTree = "<group>"; };
		FAADF4321864D38C00F301B7 /* ZOMapViewController.h */ = {isa = PBXFileReference; fileEncoding = 4; lastKnownFileType = sourcecode.c.h; path = ZOMapViewController.h; sourceTree = "<group>"; };
		FAADF4331864D38C00F301B7 /* ZOMapViewController.m */ = {isa = PBXFileReference; fileEncoding = 4; lastKnownFileType = sourcecode.c.objc; path = ZOMapViewController.m; sourceTree = "<group>"; };
		FAADF4361864D38C00F301B7 /* ZOAppDelegate.h */ = {isa = PBXFileReference; fileEncoding = 4; lastKnownFileType = sourcecode.c.h; path = ZOAppDelegate.h; sourceTree = "<group>"; };
		FAADF4371864D38C00F301B7 /* ZOAppDelegate.m */ = {isa = PBXFileReference; fileEncoding = 4; lastKnownFileType = sourcecode.c.objc; path = ZOAppDelegate.m; sourceTree = "<group>"; };
		FAADF44C18692EEA00F301B7 /* ZOGPS.h */ = {isa = PBXFileReference; fileEncoding = 4; lastKnownFileType = sourcecode.c.h; path = ZOGPS.h; sourceTree = "<group>"; };
		FAADF44D18692EEA00F301B7 /* ZOGPS.m */ = {isa = PBXFileReference; fileEncoding = 4; lastKnownFileType = sourcecode.c.objc; path = ZOGPS.m; sourceTree = "<group>"; };
		FAADF4551869375500F301B7 /* ZOGPSExternalVenus.h */ = {isa = PBXFileReference; fileEncoding = 4; lastKnownFileType = sourcecode.c.h; path = ZOGPSExternalVenus.h; sourceTree = "<group>"; };
		FAADF4561869375500F301B7 /* ZOGPSExternalVenus.m */ = {isa = PBXFileReference; fileEncoding = 4; lastKnownFileType = sourcecode.c.objc; path = ZOGPSExternalVenus.m; sourceTree = "<group>"; };
		FAB03EF2188098E5007BD08D /* NSCoder+ZOTrackObject.h */ = {isa = PBXFileReference; fileEncoding = 4; lastKnownFileType = sourcecode.c.h; path = "NSCoder+ZOTrackObject.h"; sourceTree = "<group>"; };
		FAB03EF3188098E5007BD08D /* NSCoder+ZOTrackObject.m */ = {isa = PBXFileReference; fileEncoding = 4; lastKnownFileType = sourcecode.c.objc; path = "NSCoder+ZOTrackObject.m"; sourceTree = "<group>"; };
		FAB03EF61881F486007BD08D /* ZOTrackCollection.h */ = {isa = PBXFileReference; fileEncoding = 4; lastKnownFileType = sourcecode.c.h; path = ZOTrackCollection.h; sourceTree = "<group>"; };
		FAB03EF71881F486007BD08D /* ZOTrackCollection.m */ = {isa = PBXFileReference; fileEncoding = 4; lastKnownFileType = sourcecode.c.objc; path = ZOTrackCollection.m; sourceTree = "<group>"; };
		FABCD7B2187744E200EFB248 /* libkml-ios.a */ = {isa = PBXFileReference; lastKnownFileType = archive.ar; name = "libkml-ios.a"; path = "thirdparty/kml-ios/build/Debug-iphoneos/libkml-ios.a"; sourceTree = "<group>"; };
		FABCD7B41877569100EFB248 /* assets */ = {isa = PBXFileReference; lastKnownFileType = folder; path = assets; sourceTree = "<group>"; };
		FABCD7B618788A5500EFB248 /* ZOTrackSelectViewController.h */ = {isa = PBXFileReference; fileEncoding = 4; lastKnownFileType = sourcecode.c.h; path = ZOTrackSelectViewController.h; sourceTree = "<group>"; };
		FABCD7B718788A5500EFB248 /* ZOTrackSelectViewController.m */ = {isa = PBXFileReference; fileEncoding = 4; lastKnownFileType = sourcecode.c.objc; path = ZOTrackSelectViewController.m; sourceTree = "<group>"; };
		FABCD7B91878B76700EFB248 /* ZOTrackEditViewController.h */ = {isa = PBXFileReference; fileEncoding = 4; lastKnownFileType = sourcecode.c.h; path = ZOTrackEditViewController.h; sourceTree = "<group>"; };
		FABCD7BA1878B76700EFB248 /* ZOTrackEditViewController.m */ = {isa = PBXFileReference; fileEncoding = 4; lastKnownFileType = sourcecode.c.objc; path = ZOTrackEditViewController.m; sourceTree = "<group>"; };
		FABCD7BC1879ECA900EFB248 /* ZOStartFinishLine.h */ = {isa = PBXFileReference; fileEncoding = 4; lastKnownFileType = sourcecode.c.h; path = ZOStartFinishLine.h; sourceTree = "<group>"; };
		FABCD7BD1879ECA900EFB248 /* ZOStartFinishLine.m */ = {isa = PBXFileReference; fileEncoding = 4; lastKnownFileType = sourcecode.c.objc; path = ZOStartFinishLine.m; sourceTree = "<group>"; };
		FABCD7BF1879EE8F00EFB248 /* ZOStartFinishLineRenderer.h */ = {isa = PBXFileReference; fileEncoding = 4; lastKnownFileType = sourcecode.c.h; path = ZOStartFinishLineRenderer.h; sourceTree = "<group>"; };
		FABCD7C01879EE8F00EFB248 /* ZOStartFinishLineRenderer.m */ = {isa = PBXFileReference; fileEncoding = 4; lastKnownFileType = sourcecode.c.objc; path = ZOStartFinishLineRenderer.m; sourceTree = "<group>"; };
/* End PBXFileReference section */

/* Begin PBXFrameworksBuildPhase section */
		FAADF3EC1864C31200F301B7 /* Frameworks */ = {
			isa = PBXFrameworksBuildPhase;
			buildActionMask = 2147483647;
			files = (
				FA097506186A1C16005C9B05 /* CoreBluetooth.framework in Frameworks */,
				FAADF42E1864C81A00F301B7 /* MapKit.framework in Frameworks */,
				FAADF3F51864C31200F301B7 /* CoreGraphics.framework in Frameworks */,
				FAADF3F71864C31200F301B7 /* UIKit.framework in Frameworks */,
				FAADF3F31864C31200F301B7 /* Foundation.framework in Frameworks */,
			);
			runOnlyForDeploymentPostprocessing = 0;
		};
		FAADF4131864C31200F301B7 /* Frameworks */ = {
			isa = PBXFrameworksBuildPhase;
			buildActionMask = 2147483647;
			files = (
				FAADF4181864C31200F301B7 /* XCTest.framework in Frameworks */,
				FAADF41A1864C31200F301B7 /* UIKit.framework in Frameworks */,
				FAADF4191864C31200F301B7 /* Foundation.framework in Frameworks */,
			);
			runOnlyForDeploymentPostprocessing = 0;
		};
/* End PBXFrameworksBuildPhase section */

/* Begin PBXGroup section */
		FA09750A186D5247005C9B05 /* util */ = {
			isa = PBXGroup;
			children = (
				FA09750B186D5291005C9B05 /* ZOCircularBuffer.h */,
				FA09750C186D52A2005C9B05 /* ZOCircularBuffer.c */,
			);
			path = util;
			sourceTree = "<group>";
		};
		FA188719187F2D8B00B388D6 /* geo-json */ = {
			isa = PBXGroup;
			children = (
			);
			path = "geo-json";
			sourceTree = "<group>";
		};
		FAA68D551870B78E007DD016 /* bluetooth */ = {
			isa = PBXGroup;
			children = (
				FAA68D561870B7BA007DD016 /* ZOBluetooth.h */,
				FAA68D571870B7BA007DD016 /* ZOBluetooth.m */,
			);
			path = bluetooth;
			sourceTree = "<group>";
		};
		FAADF3E61864C31200F301B7 = {
			isa = PBXGroup;
			children = (
				FAADF3F81864C31200F301B7 /* ZeroGPSLapTimer */,
				FAADF3F11864C31200F301B7 /* Frameworks */,
				FAADF3F01864C31200F301B7 /* Products */,
			);
			sourceTree = "<group>";
		};
		FAADF3F01864C31200F301B7 /* Products */ = {
			isa = PBXGroup;
			children = (
				FAADF3EF1864C31200F301B7 /* ZeroGPSLapTimer.app */,
				FAADF4161864C31200F301B7 /* ZeroGPSLapTimerTests.xctest */,
			);
			name = Products;
			sourceTree = "<group>";
		};
		FAADF3F11864C31200F301B7 /* Frameworks */ = {
			isa = PBXGroup;
			children = (
				FABCD7B2187744E200EFB248 /* libkml-ios.a */,
				FA097505186A1C16005C9B05 /* CoreBluetooth.framework */,
				FAADF42D1864C81A00F301B7 /* MapKit.framework */,
				FAADF3F21864C31200F301B7 /* Foundation.framework */,
				FAADF3F41864C31200F301B7 /* CoreGraphics.framework */,
				FAADF3F61864C31200F301B7 /* UIKit.framework */,
				FAADF4171864C31200F301B7 /* XCTest.framework */,
			);
			name = Frameworks;
			sourceTree = "<group>";
		};
		FAADF3F81864C31200F301B7 /* ZeroGPSLapTimer */ = {
			isa = PBXGroup;
			children = (
				FABCD7B41877569100EFB248 /* assets */,
				FAADF42F1864D38C00F301B7 /* src */,
				FAADF43C1864D3C100F301B7 /* ui */,
				FAADF3F91864C31200F301B7 /* Supporting Files */,
			);
			path = ZeroGPSLapTimer;
			sourceTree = "<group>";
		};
		FAADF3F91864C31200F301B7 /* Supporting Files */ = {
			isa = PBXGroup;
			children = (
				FAADF3FA1864C31200F301B7 /* ZeroGPSLapTimer-Info.plist */,
				FAADF3FB1864C31200F301B7 /* InfoPlist.strings */,
				FAADF4001864C31200F301B7 /* ZeroGPSLapTimer-Prefix.pch */,
			);
			name = "Supporting Files";
			sourceTree = "<group>";
		};
		FAADF42F1864D38C00F301B7 /* src */ = {
			isa = PBXGroup;
			children = (
				FAB03EF51881F455007BD08D /* data-model */,
				FA188719187F2D8B00B388D6 /* geo-json */,
				FAA68D551870B78E007DD016 /* bluetooth */,
				FA09750A186D5247005C9B05 /* util */,
				FAADF44A18692C6800F301B7 /* gps */,
				FAADF43D1864D46500F301B7 /* map-overlays */,
				FAADF4311864D38C00F301B7 /* view-controllers */,
				FAADF4361864D38C00F301B7 /* ZOAppDelegate.h */,
				FAADF4371864D38C00F301B7 /* ZOAppDelegate.m */,
				FAADF4301864D38C00F301B7 /* main.m */,
			);
			path = src;
			sourceTree = "<group>";
		};
		FAADF4311864D38C00F301B7 /* view-controllers */ = {
			isa = PBXGroup;
			children = (
				FAADF4321864D38C00F301B7 /* ZOMapViewController.h */,
				FAADF4331864D38C00F301B7 /* ZOMapViewController.m */,
				FABCD7B618788A5500EFB248 /* ZOTrackSelectViewController.h */,
				FABCD7B718788A5500EFB248 /* ZOTrackSelectViewController.m */,
				FABCD7B91878B76700EFB248 /* ZOTrackEditViewController.h */,
				FABCD7BA1878B76700EFB248 /* ZOTrackEditViewController.m */,
			);
			path = "view-controllers";
			sourceTree = "<group>";
		};
		FAADF43C1864D3C100F301B7 /* ui */ = {
			isa = PBXGroup;
			children = (
				FAADF4041864C31200F301B7 /* Main_iPhone.storyboard */,
				FAADF4071864C31200F301B7 /* Main_iPad.storyboard */,
				FAADF4101864C31200F301B7 /* Images.xcassets */,
			);
			name = ui;
			sourceTree = "<group>";
		};
		FAADF43D1864D46500F301B7 /* map-overlays */ = {
			isa = PBXGroup;
			children = (
				FA18871D187F399D00B388D6 /* ZOTrackObject.h */,
				FA188721187F987100B388D6 /* ZOTrackObjectDelegate.h */,
				FA188722187FA8B500B388D6 /* ZOTrackObjectRenderer.h */,
				FABCD7BC1879ECA900EFB248 /* ZOStartFinishLine.h */,
				FABCD7BD1879ECA900EFB248 /* ZOStartFinishLine.m */,
				FABCD7BF1879EE8F00EFB248 /* ZOStartFinishLineRenderer.h */,
				FABCD7C01879EE8F00EFB248 /* ZOStartFinishLineRenderer.m */,
				FA18871A187F36BA00B388D6 /* ZOTrack.h */,
				FA18871B187F36BA00B388D6 /* ZOTrack.m */,
				FA18871E187F89F200B388D6 /* ZOTrackRenderer.h */,
				FA18871F187F89F200B388D6 /* ZOTrackRenderer.m */,
				FAB03EF2188098E5007BD08D /* NSCoder+ZOTrackObject.h */,
				FAB03EF3188098E5007BD08D /* NSCoder+ZOTrackObject.m */,
			);
			path = "map-overlays";
			sourceTree = "<group>";
		};
		FAADF44A18692C6800F301B7 /* gps */ = {
			isa = PBXGroup;
			children = (
				FAADF44C18692EEA00F301B7 /* ZOGPS.h */,
				FAADF44D18692EEA00F301B7 /* ZOGPS.m */,
				FAADF4551869375500F301B7 /* ZOGPSExternalVenus.h */,
				FAADF4561869375500F301B7 /* ZOGPSExternalVenus.m */,
				FA097509186A3D5E005C9B05 /* ZOVenusCommand.h */,
				FA097507186A37F4005C9B05 /* ZOVenusCommand.c */,
				FAA68D5918720763007DD016 /* ZOParseNMEA.h */,
				FAA68D5A18720778007DD016 /* ZOParseNMEA.c */,
			);
			path = gps;
			sourceTree = "<group>";
		};
		FAB03EF51881F455007BD08D /* data-model */ = {
			isa = PBXGroup;
			children = (
				FAB03EF61881F486007BD08D /* ZOTrackCollection.h */,
				FAB03EF71881F486007BD08D /* ZOTrackCollection.m */,
			);
			path = "data-model";
			sourceTree = "<group>";
		};
/* End PBXGroup section */

/* Begin PBXNativeTarget section */
		FAADF3EE1864C31200F301B7 /* ZeroGPSLapTimer */ = {
			isa = PBXNativeTarget;
			buildConfigurationList = FAADF4271864C31200F301B7 /* Build configuration list for PBXNativeTarget "ZeroGPSLapTimer" */;
			buildPhases = (
				FAADF3EB1864C31200F301B7 /* Sources */,
				FAADF3EC1864C31200F301B7 /* Frameworks */,
				FAADF3ED1864C31200F301B7 /* Resources */,
			);
			buildRules = (
			);
			dependencies = (
			);
			name = ZeroGPSLapTimer;
			productName = ZeroGPSLapTimer;
			productReference = FAADF3EF1864C31200F301B7 /* ZeroGPSLapTimer.app */;
			productType = "com.apple.product-type.application";
		};
		FAADF4151864C31200F301B7 /* ZeroGPSLapTimerTests */ = {
			isa = PBXNativeTarget;
			buildConfigurationList = FAADF42A1864C31200F301B7 /* Build configuration list for PBXNativeTarget "ZeroGPSLapTimerTests" */;
			buildPhases = (
				FAADF4121864C31200F301B7 /* Sources */,
				FAADF4131864C31200F301B7 /* Frameworks */,
				FAADF4141864C31200F301B7 /* Resources */,
			);
			buildRules = (
			);
			dependencies = (
				FAADF41C1864C31200F301B7 /* PBXTargetDependency */,
			);
			name = ZeroGPSLapTimerTests;
			productName = ZeroGPSLapTimerTests;
			productReference = FAADF4161864C31200F301B7 /* ZeroGPSLapTimerTests.xctest */;
			productType = "com.apple.product-type.bundle.unit-test";
		};
/* End PBXNativeTarget section */

/* Begin PBXProject section */
		FAADF3E71864C31200F301B7 /* Project object */ = {
			isa = PBXProject;
			attributes = {
				CLASSPREFIX = ZO;
				LastUpgradeCheck = 0500;
				ORGANIZATIONNAME = "Micah Pearlman";
				TargetAttributes = {
					FAADF4151864C31200F301B7 = {
						TestTargetID = FAADF3EE1864C31200F301B7;
					};
				};
			};
			buildConfigurationList = FAADF3EA1864C31200F301B7 /* Build configuration list for PBXProject "ZeroGPSLapTimer" */;
			compatibilityVersion = "Xcode 3.2";
			developmentRegion = English;
			hasScannedForEncodings = 0;
			knownRegions = (
				en,
				Base,
			);
			mainGroup = FAADF3E61864C31200F301B7;
			productRefGroup = FAADF3F01864C31200F301B7 /* Products */;
			projectDirPath = "";
			projectRoot = "";
			targets = (
				FAADF3EE1864C31200F301B7 /* ZeroGPSLapTimer */,
				FAADF4151864C31200F301B7 /* ZeroGPSLapTimerTests */,
			);
		};
/* End PBXProject section */

/* Begin PBXResourcesBuildPhase section */
		FAADF3ED1864C31200F301B7 /* Resources */ = {
			isa = PBXResourcesBuildPhase;
			buildActionMask = 2147483647;
			files = (
				FABCD7B51877569100EFB248 /* assets in Resources */,
				FAADF4091864C31200F301B7 /* Main_iPad.storyboard in Resources */,
				FAADF4111864C31200F301B7 /* Images.xcassets in Resources */,
				FAADF4061864C31200F301B7 /* Main_iPhone.storyboard in Resources */,
				FAADF3FD1864C31200F301B7 /* InfoPlist.strings in Resources */,
			);
			runOnlyForDeploymentPostprocessing = 0;
		};
		FAADF4141864C31200F301B7 /* Resources */ = {
			isa = PBXResourcesBuildPhase;
			buildActionMask = 2147483647;
			files = (
			);
			runOnlyForDeploymentPostprocessing = 0;
		};
/* End PBXResourcesBuildPhase section */

/* Begin PBXSourcesBuildPhase section */
		FAADF3EB1864C31200F301B7 /* Sources */ = {
			isa = PBXSourcesBuildPhase;
			buildActionMask = 2147483647;
			files = (
				FAB03EF4188098E5007BD08D /* NSCoder+ZOTrackObject.m in Sources */,
				FAADF4391864D38C00F301B7 /* ZOMapViewController.m in Sources */,
				FABCD7B818788A5500EFB248 /* ZOTrackSelectViewController.m in Sources */,
				FABCD7C11879EE8F00EFB248 /* ZOStartFinishLineRenderer.m in Sources */,
				FABCD7BB1878B76700EFB248 /* ZOTrackEditViewController.m in Sources */,
				FAADF4381864D38C00F301B7 /* main.m in Sources */,
				FAADF44E18692EEA00F301B7 /* ZOGPS.m in Sources */,
				FAADF43B1864D38C00F301B7 /* ZOAppDelegate.m in Sources */,
				FAADF4571869375500F301B7 /* ZOGPSExternalVenus.m in Sources */,
				FA097508186A37F4005C9B05 /* ZOVenusCommand.c in Sources */,
				FA18871C187F36BA00B388D6 /* ZOTrack.m in Sources */,
				FA09750D186D52A2005C9B05 /* ZOCircularBuffer.c in Sources */,
				FAA68D581870B7BA007DD016 /* ZOBluetooth.m in Sources */,
				FAA68D5B18720778007DD016 /* ZOParseNMEA.c in Sources */,
				FAB03EF81881F486007BD08D /* ZOTrackCollection.m in Sources */,
				FA188720187F89F200B388D6 /* ZOTrackRenderer.m in Sources */,
				FABCD7BE1879ECA900EFB248 /* ZOStartFinishLine.m in Sources */,
			);
			runOnlyForDeploymentPostprocessing = 0;
		};
		FAADF4121864C31200F301B7 /* Sources */ = {
			isa = PBXSourcesBuildPhase;
			buildActionMask = 2147483647;
			files = (
			);
			runOnlyForDeploymentPostprocessing = 0;
		};
/* End PBXSourcesBuildPhase section */

/* Begin PBXTargetDependency section */
		FAADF41C1864C31200F301B7 /* PBXTargetDependency */ = {
			isa = PBXTargetDependency;
			target = FAADF3EE1864C31200F301B7 /* ZeroGPSLapTimer */;
			targetProxy = FAADF41B1864C31200F301B7 /* PBXContainerItemProxy */;
		};
/* End PBXTargetDependency section */

/* Begin PBXVariantGroup section */
		FAADF3FB1864C31200F301B7 /* InfoPlist.strings */ = {
			isa = PBXVariantGroup;
			children = (
				FAADF3FC1864C31200F301B7 /* en */,
			);
			name = InfoPlist.strings;
			sourceTree = "<group>";
		};
		FAADF4041864C31200F301B7 /* Main_iPhone.storyboard */ = {
			isa = PBXVariantGroup;
			children = (
				FAADF4051864C31200F301B7 /* Base */,
			);
			name = Main_iPhone.storyboard;
			sourceTree = "<group>";
		};
		FAADF4071864C31200F301B7 /* Main_iPad.storyboard */ = {
			isa = PBXVariantGroup;
			children = (
				FAADF4081864C31200F301B7 /* Base */,
			);
			name = Main_iPad.storyboard;
			sourceTree = "<group>";
		};
/* End PBXVariantGroup section */

/* Begin XCBuildConfiguration section */
		FAADF4251864C31200F301B7 /* Debug */ = {
			isa = XCBuildConfiguration;
			buildSettings = {
				ALWAYS_SEARCH_USER_PATHS = NO;
				ARCHS = "$(ARCHS_STANDARD_INCLUDING_64_BIT)";
				CLANG_CXX_LANGUAGE_STANDARD = "gnu++0x";
				CLANG_CXX_LIBRARY = "libc++";
				CLANG_ENABLE_MODULES = YES;
				CLANG_ENABLE_OBJC_ARC = YES;
				CLANG_WARN_BOOL_CONVERSION = YES;
				CLANG_WARN_CONSTANT_CONVERSION = YES;
				CLANG_WARN_DIRECT_OBJC_ISA_USAGE = YES_ERROR;
				CLANG_WARN_EMPTY_BODY = YES;
				CLANG_WARN_ENUM_CONVERSION = YES;
				CLANG_WARN_INT_CONVERSION = YES;
				CLANG_WARN_OBJC_ROOT_CLASS = YES_ERROR;
				CLANG_WARN__DUPLICATE_METHOD_MATCH = YES;
				"CODE_SIGN_IDENTITY[sdk=iphoneos*]" = "iPhone Developer";
				COPY_PHASE_STRIP = NO;
				GCC_C_LANGUAGE_STANDARD = gnu99;
				GCC_DYNAMIC_NO_PIC = NO;
				GCC_OPTIMIZATION_LEVEL = 0;
				GCC_PREPROCESSOR_DEFINITIONS = (
					"DEBUG=1",
					"$(inherited)",
				);
				GCC_SYMBOLS_PRIVATE_EXTERN = NO;
				GCC_WARN_64_TO_32_BIT_CONVERSION = YES;
				GCC_WARN_ABOUT_RETURN_TYPE = YES_ERROR;
				GCC_WARN_UNDECLARED_SELECTOR = YES;
				GCC_WARN_UNINITIALIZED_AUTOS = YES;
				GCC_WARN_UNUSED_FUNCTION = YES;
				GCC_WARN_UNUSED_VARIABLE = YES;
				IPHONEOS_DEPLOYMENT_TARGET = 7.0;
				ONLY_ACTIVE_ARCH = YES;
				SDKROOT = iphoneos;
				TARGETED_DEVICE_FAMILY = "1,2";
			};
			name = Debug;
		};
		FAADF4261864C31200F301B7 /* Release */ = {
			isa = XCBuildConfiguration;
			buildSettings = {
				ALWAYS_SEARCH_USER_PATHS = NO;
				ARCHS = "$(ARCHS_STANDARD_INCLUDING_64_BIT)";
				CLANG_CXX_LANGUAGE_STANDARD = "gnu++0x";
				CLANG_CXX_LIBRARY = "libc++";
				CLANG_ENABLE_MODULES = YES;
				CLANG_ENABLE_OBJC_ARC = YES;
				CLANG_WARN_BOOL_CONVERSION = YES;
				CLANG_WARN_CONSTANT_CONVERSION = YES;
				CLANG_WARN_DIRECT_OBJC_ISA_USAGE = YES_ERROR;
				CLANG_WARN_EMPTY_BODY = YES;
				CLANG_WARN_ENUM_CONVERSION = YES;
				CLANG_WARN_INT_CONVERSION = YES;
				CLANG_WARN_OBJC_ROOT_CLASS = YES_ERROR;
				CLANG_WARN__DUPLICATE_METHOD_MATCH = YES;
				"CODE_SIGN_IDENTITY[sdk=iphoneos*]" = "iPhone Developer";
				COPY_PHASE_STRIP = YES;
				ENABLE_NS_ASSERTIONS = NO;
				GCC_C_LANGUAGE_STANDARD = gnu99;
				GCC_WARN_64_TO_32_BIT_CONVERSION = YES;
				GCC_WARN_ABOUT_RETURN_TYPE = YES_ERROR;
				GCC_WARN_UNDECLARED_SELECTOR = YES;
				GCC_WARN_UNINITIALIZED_AUTOS = YES;
				GCC_WARN_UNUSED_FUNCTION = YES;
				GCC_WARN_UNUSED_VARIABLE = YES;
				IPHONEOS_DEPLOYMENT_TARGET = 7.0;
				SDKROOT = iphoneos;
				TARGETED_DEVICE_FAMILY = "1,2";
				VALIDATE_PRODUCT = YES;
			};
			name = Release;
		};
		FAADF4281864C31200F301B7 /* Debug */ = {
			isa = XCBuildConfiguration;
			buildSettings = {
				ALWAYS_SEARCH_USER_PATHS = YES;
				ASSETCATALOG_COMPILER_APPICON_NAME = AppIcon;
				ASSETCATALOG_COMPILER_LAUNCHIMAGE_NAME = LaunchImage;
				GCC_PRECOMPILE_PREFIX_HEADER = YES;
				GCC_PREFIX_HEADER = "ZeroGPSLapTimer/ZeroGPSLapTimer-Prefix.pch";
				INFOPLIST_FILE = "ZeroGPSLapTimer/ZeroGPSLapTimer-Info.plist";
				PRODUCT_NAME = "$(TARGET_NAME)";
				USER_HEADER_SEARCH_PATHS = "";
				WRAPPER_EXTENSION = app;
			};
			name = Debug;
		};
		FAADF4291864C31200F301B7 /* Release */ = {
			isa = XCBuildConfiguration;
			buildSettings = {
				ALWAYS_SEARCH_USER_PATHS = YES;
				ASSETCATALOG_COMPILER_APPICON_NAME = AppIcon;
				ASSETCATALOG_COMPILER_LAUNCHIMAGE_NAME = LaunchImage;
				GCC_PRECOMPILE_PREFIX_HEADER = YES;
				GCC_PREFIX_HEADER = "ZeroGPSLapTimer/ZeroGPSLapTimer-Prefix.pch";
				INFOPLIST_FILE = "ZeroGPSLapTimer/ZeroGPSLapTimer-Info.plist";
				PRODUCT_NAME = "$(TARGET_NAME)";
				USER_HEADER_SEARCH_PATHS = "";
				WRAPPER_EXTENSION = app;
			};
			name = Release;
		};
		FAADF42B1864C31200F301B7 /* Debug */ = {
			isa = XCBuildConfiguration;
			buildSettings = {
				ARCHS = "$(ARCHS_STANDARD_INCLUDING_64_BIT)";
				BUNDLE_LOADER = "$(BUILT_PRODUCTS_DIR)/ZeroGPSLapTimer.app/ZeroGPSLapTimer";
				FRAMEWORK_SEARCH_PATHS = (
					"$(SDKROOT)/Developer/Library/Frameworks",
					"$(inherited)",
					"$(DEVELOPER_FRAMEWORKS_DIR)",
				);
				GCC_PRECOMPILE_PREFIX_HEADER = YES;
				GCC_PREFIX_HEADER = "ZeroGPSLapTimer/ZeroGPSLapTimer-Prefix.pch";
				GCC_PREPROCESSOR_DEFINITIONS = (
					"DEBUG=1",
					"$(inherited)",
				);
				INFOPLIST_FILE = "ZeroGPSLapTimerTests/ZeroGPSLapTimerTests-Info.plist";
				PRODUCT_NAME = "$(TARGET_NAME)";
				TEST_HOST = "$(BUNDLE_LOADER)";
				WRAPPER_EXTENSION = xctest;
			};
			name = Debug;
		};
		FAADF42C1864C31200F301B7 /* Release */ = {
			isa = XCBuildConfiguration;
			buildSettings = {
				ARCHS = "$(ARCHS_STANDARD_INCLUDING_64_BIT)";
				BUNDLE_LOADER = "$(BUILT_PRODUCTS_DIR)/ZeroGPSLapTimer.app/ZeroGPSLapTimer";
				FRAMEWORK_SEARCH_PATHS = (
					"$(SDKROOT)/Developer/Library/Frameworks",
					"$(inherited)",
					"$(DEVELOPER_FRAMEWORKS_DIR)",
				);
				GCC_PRECOMPILE_PREFIX_HEADER = YES;
				GCC_PREFIX_HEADER = "ZeroGPSLapTimer/ZeroGPSLapTimer-Prefix.pch";
				INFOPLIST_FILE = "ZeroGPSLapTimerTests/ZeroGPSLapTimerTests-Info.plist";
				PRODUCT_NAME = "$(TARGET_NAME)";
				TEST_HOST = "$(BUNDLE_LOADER)";
				WRAPPER_EXTENSION = xctest;
			};
			name = Release;
		};
/* End XCBuildConfiguration section */

/* Begin XCConfigurationList section */
		FAADF3EA1864C31200F301B7 /* Build configuration list for PBXProject "ZeroGPSLapTimer" */ = {
			isa = XCConfigurationList;
			buildConfigurations = (
				FAADF4251864C31200F301B7 /* Debug */,
				FAADF4261864C31200F301B7 /* Release */,
			);
			defaultConfigurationIsVisible = 0;
			defaultConfigurationName = Release;
		};
		FAADF4271864C31200F301B7 /* Build configuration list for PBXNativeTarget "ZeroGPSLapTimer" */ = {
			isa = XCConfigurationList;
			buildConfigurations = (
				FAADF4281864C31200F301B7 /* Debug */,
				FAADF4291864C31200F301B7 /* Release */,
			);
			defaultConfigurationIsVisible = 0;
			defaultConfigurationName = Release;
		};
		FAADF42A1864C31200F301B7 /* Build configuration list for PBXNativeTarget "ZeroGPSLapTimerTests" */ = {
			isa = XCConfigurationList;
			buildConfigurations = (
				FAADF42B1864C31200F301B7 /* Debug */,
				FAADF42C1864C31200F301B7 /* Release */,
			);
			defaultConfigurationIsVisible = 0;
			defaultConfigurationName = Release;
		};
/* End XCConfigurationList section */
	};
	rootObject = FAADF3E71864C31200F301B7 /* Project object */;
}
